
Microsoft Visual Studio Solution File, Format Version 12.00
# Visual Studio Version 17
VisualStudioVersion = 17.13.35931.197 d17.13
MinimumVisualStudioVersion = 10.0.40219.1
Project("{FAE04EC0-301F-11D3-BF4B-00C04F79EFBC}") = "MCLoader", "MCLoader\MCLoader.csproj", "{CCDB530E-2433-4084-A7E1-BB5E48569881}"
EndProject
Global
	GlobalSection(SolutionConfigurationPlatforms) = preSolution
		Debug|Any CPU = Debug|Any CPU
		Release|Any CPU = Release|Any CPU
	EndGlobalSection
	GlobalSection(ProjectConfigurationPlatforms) = postSolution
		{CCDB530E-2433-4084-A7E1-BB5E48569881}.Debug|Any CPU.ActiveCfg = Debug|Any CPU
		{CCDB530E-2433-4084-A7E1-BB5E48569881}.Debug|Any CPU.Build.0 = Debug|Any CPU
		{CCDB530E-2433-4084-A7E1-BB5E48569881}.Release|Any CPU.ActiveCfg = Release|Any CPU
		{CCDB530E-2433-4084-A7E1-BB5E48569881}.Release|Any CPU.Build.0 = Release|Any CPU
	EndGlobalSection
	GlobalSection(SolutionProperties) = preSolution
		HideSolutionNode = FALSE
	EndGlobalSection
	GlobalSection(ExtensibilityGlobals) = postSolution
		SolutionGuid = {1821B0BB-ACAC-4151-A8B3-EE2BDD154D78}
	EndGlobalSection
EndGlobal
